
Microsoft Visual Studio Solution File, Format Version 12.00
# Visual Studio Version 16
VisualStudioVersion = 16.0.30804.86
MinimumVisualStudioVersion = 10.0.40219.1
Project("{FAE04EC0-301F-11D3-BF4B-00C04F79EFBC}") = "UD10_Herencias_Ex5", "UD10_Herencias_Ex5\UD10_Herencias_Ex5.csproj", "{C6D8C911-38B0-44C6-A37B-A2E5D93B91F1}"
EndProject
Global
	GlobalSection(SolutionConfigurationPlatforms) = preSolution
		Debug|Any CPU = Debug|Any CPU
		Release|Any CPU = Release|Any CPU
	EndGlobalSection
	GlobalSection(ProjectConfigurationPlatforms) = postSolution
		{C6D8C911-38B0-44C6-A37B-A2E5D93B91F1}.Debug|Any CPU.ActiveCfg = Debug|Any CPU
		{C6D8C911-38B0-44C6-A37B-A2E5D93B91F1}.Debug|Any CPU.Build.0 = Debug|Any CPU
		{C6D8C911-38B0-44C6-A37B-A2E5D93B91F1}.Release|Any CPU.ActiveCfg = Release|Any CPU
		{C6D8C911-38B0-44C6-A37B-A2E5D93B91F1}.Release|Any CPU.Build.0 = Release|Any CPU
	EndGlobalSection
	GlobalSection(SolutionProperties) = preSolution
		HideSolutionNode = FALSE
	EndGlobalSection
	GlobalSection(ExtensibilityGlobals) = postSolution
		SolutionGuid = {47F4DF1C-8FF2-4C62-860D-CF207558629A}
	EndGlobalSection
EndGlobal
